// !$*UTF8*$!
{
	archiveVersion = 1;
	classes = {
	};
	objectVersion = 56;
	objects = {

/* Begin PBXBuildFile section */
		C4C1C7082A720B92001C2667 /* AppDelegate.swift in Sources */ = {isa = PBXBuildFile; fileRef = C4C1C7072A720B92001C2667 /* AppDelegate.swift */; };
		C4C1C70A2A720B92001C2667 /* SceneDelegate.swift in Sources */ = {isa = PBXBuildFile; fileRef = C4C1C7092A720B92001C2667 /* SceneDelegate.swift */; };
		C4C1C70C2A720B92001C2667 /* ViewController.swift in Sources */ = {isa = PBXBuildFile; fileRef = C4C1C70B2A720B92001C2667 /* ViewController.swift */; };
		C4C1C70F2A720B92001C2667 /* Main.storyboard in Resources */ = {isa = PBXBuildFile; fileRef = C4C1C70D2A720B92001C2667 /* Main.storyboard */; };
		C4C1C7122A720B92001C2667 /* CoredataDesign.xcdatamodeld in Sources */ = {isa = PBXBuildFile; fileRef = C4C1C7102A720B92001C2667 /* CoredataDesign.xcdatamodeld */; };
		C4C1C7142A720B93001C2667 /* Assets.xcassets in Resources */ = {isa = PBXBuildFile; fileRef = C4C1C7132A720B93001C2667 /* Assets.xcassets */; };
		C4C1C7172A720B93001C2667 /* LaunchScreen.storyboard in Resources */ = {isa = PBXBuildFile; fileRef = C4C1C7152A720B93001C2667 /* LaunchScreen.storyboard */; };
		C4C1C7282A721221001C2667 /* MXCoreDataRoomSummaryStore.xcdatamodeld in Sources */ = {isa = PBXBuildFile; fileRef = C4C1C7222A721221001C2667 /* MXCoreDataRoomSummaryStore.xcdatamodeld */; };
		C4C1C7442A7230CA001C2667 /* zmessaging.xcdatamodeld in Sources */ = {isa = PBXBuildFile; fileRef = C4C1C72C2A7230CA001C2667 /* zmessaging.xcdatamodeld */; };
/* End PBXBuildFile section */

/* Begin PBXFileReference section */
		C4C1C7042A720B92001C2667 /* CoredataDesign.app */ = {isa = PBXFileReference; explicitFileType = wrapper.application; includeInIndex = 0; path = CoredataDesign.app; sourceTree = BUILT_PRODUCTS_DIR; };
		C4C1C7072A720B92001C2667 /* AppDelegate.swift */ = {isa = PBXFileReference; lastKnownFileType = sourcecode.swift; path = AppDelegate.swift; sourceTree = "<group>"; };
		C4C1C7092A720B92001C2667 /* SceneDelegate.swift */ = {isa = PBXFileReference; lastKnownFileType = sourcecode.swift; path = SceneDelegate.swift; sourceTree = "<group>"; };
		C4C1C70B2A720B92001C2667 /* ViewController.swift */ = {isa = PBXFileReference; lastKnownFileType = sourcecode.swift; path = ViewController.swift; sourceTree = "<group>"; };
		C4C1C70E2A720B92001C2667 /* Base */ = {isa = PBXFileReference; lastKnownFileType = file.storyboard; name = Base; path = Base.lproj/Main.storyboard; sourceTree = "<group>"; };
		C4C1C7112A720B92001C2667 /* CoredataDesign.xcdatamodel */ = {isa = PBXFileReference; lastKnownFileType = wrapper.xcdatamodel; path = CoredataDesign.xcdatamodel; sourceTree = "<group>"; };
		C4C1C7132A720B93001C2667 /* Assets.xcassets */ = {isa = PBXFileReference; lastKnownFileType = folder.assetcatalog; path = Assets.xcassets; sourceTree = "<group>"; };
		C4C1C7162A720B93001C2667 /* Base */ = {isa = PBXFileReference; lastKnownFileType = file.storyboard; name = Base; path = Base.lproj/LaunchScreen.storyboard; sourceTree = "<group>"; };
		C4C1C7182A720B93001C2667 /* Info.plist */ = {isa = PBXFileReference; lastKnownFileType = text.plist.xml; path = Info.plist; sourceTree = "<group>"; };
		C4C1C7232A721221001C2667 /* MXRoomSummaryCoreDataStore2.xcdatamodel */ = {isa = PBXFileReference; lastKnownFileType = wrapper.xcdatamodel; path = MXRoomSummaryCoreDataStore2.xcdatamodel; sourceTree = "<group>"; };
		C4C1C7242A721221001C2667 /* MXRoomSummaryCoreDataStore4.xcdatamodel */ = {isa = PBXFileReference; lastKnownFileType = wrapper.xcdatamodel; path = MXRoomSummaryCoreDataStore4.xcdatamodel; sourceTree = "<group>"; };
		C4C1C7252A721221001C2667 /* MXRoomSummaryCoreDataStore.xcdatamodel */ = {isa = PBXFileReference; lastKnownFileType = wrapper.xcdatamodel; path = MXRoomSummaryCoreDataStore.xcdatamodel; sourceTree = "<group>"; };
		C4C1C7262A721221001C2667 /* MXRoomSummaryCoreDataStore3.xcdatamodel */ = {isa = PBXFileReference; lastKnownFileType = wrapper.xcdatamodel; path = MXRoomSummaryCoreDataStore3.xcdatamodel; sourceTree = "<group>"; };
		C4C1C7272A721221001C2667 /* MXRoomSummaryCoreDataStore5.xcdatamodel */ = {isa = PBXFileReference; lastKnownFileType = wrapper.xcdatamodel; path = MXRoomSummaryCoreDataStore5.xcdatamodel; sourceTree = "<group>"; };
		C4C1C72D2A7230CA001C2667 /* zmessaging2.40.18.xcdatamodel */ = {isa = PBXFileReference; lastKnownFileType = wrapper.xcdatamodel; path = zmessaging2.40.18.xcdatamodel; sourceTree = "<group>"; };
		C4C1C72E2A7230CA001C2667 /* zmessaging2.40.2.xcdatamodel */ = {isa = PBXFileReference; lastKnownFileType = wrapper.xcdatamodel; path = zmessaging2.40.2.xcdatamodel; sourceTree = "<group>"; };
		C4C1C72F2A7230CA001C2667 /* zmessaging2.40.11.xcdatamodel */ = {isa = PBXFileReference; lastKnownFileType = wrapper.xcdatamodel; path = zmessaging2.40.11.xcdatamodel; sourceTree = "<group>"; };
		C4C1C7302A7230CA001C2667 /* zmessaging2.40.14.xcdatamodel */ = {isa = PBXFileReference; lastKnownFileType = wrapper.xcdatamodel; path = zmessaging2.40.14.xcdatamodel; sourceTree = "<group>"; };
		C4C1C7312A7230CA001C2667 /* zmessaging2.40.7.xcdatamodel */ = {isa = PBXFileReference; lastKnownFileType = wrapper.xcdatamodel; path = zmessaging2.40.7.xcdatamodel; sourceTree = "<group>"; };
		C4C1C7322A7230CA001C2667 /* zmessaging2.40.4.xcdatamodel */ = {isa = PBXFileReference; lastKnownFileType = wrapper.xcdatamodel; path = zmessaging2.40.4.xcdatamodel; sourceTree = "<group>"; };
		C4C1C7332A7230CA001C2667 /* zmessaging2.40.17.xcdatamodel */ = {isa = PBXFileReference; lastKnownFileType = wrapper.xcdatamodel; path = zmessaging2.40.17.xcdatamodel; sourceTree = "<group>"; };
		C4C1C7342A7230CA001C2667 /* zmessaging2.40.8.xcdatamodel */ = {isa = PBXFileReference; lastKnownFileType = wrapper.xcdatamodel; path = zmessaging2.40.8.xcdatamodel; sourceTree = "<group>"; };
		C4C1C7352A7230CA001C2667 /* zmessaging2.40.12.xcdatamodel */ = {isa = PBXFileReference; lastKnownFileType = wrapper.xcdatamodel; path = zmessaging2.40.12.xcdatamodel; sourceTree = "<group>"; };
		C4C1C7362A7230CA001C2667 /* zmessaging2.40.20.xcdatamodel */ = {isa = PBXFileReference; lastKnownFileType = wrapper.xcdatamodel; path = zmessaging2.40.20.xcdatamodel; sourceTree = "<group>"; };
		C4C1C7372A7230CA001C2667 /* zmessaging2.40.1.xcdatamodel */ = {isa = PBXFileReference; lastKnownFileType = wrapper.xcdatamodel; path = zmessaging2.40.1.xcdatamodel; sourceTree = "<group>"; };
		C4C1C7382A7230CA001C2667 /* zmessaging2.40.6.xcdatamodel */ = {isa = PBXFileReference; lastKnownFileType = wrapper.xcdatamodel; path = zmessaging2.40.6.xcdatamodel; sourceTree = "<group>"; };
		C4C1C7392A7230CA001C2667 /* zmessaging2.40.15.xcdatamodel */ = {isa = PBXFileReference; lastKnownFileType = wrapper.xcdatamodel; path = zmessaging2.40.15.xcdatamodel; sourceTree = "<group>"; };
		C4C1C73A2A7230CA001C2667 /* zmessaging2.40.10.xcdatamodel */ = {isa = PBXFileReference; lastKnownFileType = wrapper.xcdatamodel; path = zmessaging2.40.10.xcdatamodel; sourceTree = "<group>"; };
		C4C1C73B2A7230CA001C2667 /* zmessaging2.40.19.xcdatamodel */ = {isa = PBXFileReference; lastKnownFileType = wrapper.xcdatamodel; path = zmessaging2.40.19.xcdatamodel; sourceTree = "<group>"; };
		C4C1C73C2A7230CA001C2667 /* zmessaging2.40.3.xcdatamodel */ = {isa = PBXFileReference; lastKnownFileType = wrapper.xcdatamodel; path = zmessaging2.40.3.xcdatamodel; sourceTree = "<group>"; };
		C4C1C73D2A7230CA001C2667 /* zmessaging2.40.0.xcdatamodel */ = {isa = PBXFileReference; lastKnownFileType = wrapper.xcdatamodel; path = zmessaging2.40.0.xcdatamodel; sourceTree = "<group>"; };
		C4C1C73E2A7230CA001C2667 /* zmessaging2.40.21.xcdatamodel */ = {isa = PBXFileReference; lastKnownFileType = wrapper.xcdatamodel; path = zmessaging2.40.21.xcdatamodel; sourceTree = "<group>"; };
		C4C1C73F2A7230CA001C2667 /* zmessaging.xcdatamodel */ = {isa = PBXFileReference; lastKnownFileType = wrapper.xcdatamodel; path = zmessaging.xcdatamodel; sourceTree = "<group>"; };
		C4C1C7402A7230CA001C2667 /* zmessaging2.40.9.xcdatamodel */ = {isa = PBXFileReference; lastKnownFileType = wrapper.xcdatamodel; path = zmessaging2.40.9.xcdatamodel; sourceTree = "<group>"; };
		C4C1C7412A7230CA001C2667 /* zmessaging2.40.13.xcdatamodel */ = {isa = PBXFileReference; lastKnownFileType = wrapper.xcdatamodel; path = zmessaging2.40.13.xcdatamodel; sourceTree = "<group>"; };
		C4C1C7422A7230CA001C2667 /* zmessaging2.40.16.xcdatamodel */ = {isa = PBXFileReference; lastKnownFileType = wrapper.xcdatamodel; path = zmessaging2.40.16.xcdatamodel; sourceTree = "<group>"; };
		C4C1C7432A7230CA001C2667 /* zmessaging2.40.5.xcdatamodel */ = {isa = PBXFileReference; lastKnownFileType = wrapper.xcdatamodel; path = zmessaging2.40.5.xcdatamodel; sourceTree = "<group>"; };
/* End PBXFileReference section */

/* Begin PBXFrameworksBuildPhase section */
		C4C1C7012A720B92001C2667 /* Frameworks */ = {
			isa = PBXFrameworksBuildPhase;
			buildActionMask = 2147483647;
			files = (
			);
			runOnlyForDeploymentPostprocessing = 0;
		};
/* End PBXFrameworksBuildPhase section */

/* Begin PBXGroup section */
		C4C1C6FB2A720B92001C2667 = {
			isa = PBXGroup;
			children = (
				C4C1C7062A720B92001C2667 /* CoredataDesign */,
				C4C1C7052A720B92001C2667 /* Products */,
			);
			sourceTree = "<group>";
		};
		C4C1C7052A720B92001C2667 /* Products */ = {
			isa = PBXGroup;
			children = (
				C4C1C7042A720B92001C2667 /* CoredataDesign.app */,
			);
			name = Products;
			sourceTree = "<group>";
		};
		C4C1C7062A720B92001C2667 /* CoredataDesign */ = {
			isa = PBXGroup;
			children = (
				C4C1C7072A720B92001C2667 /* AppDelegate.swift */,
				C4C1C7092A720B92001C2667 /* SceneDelegate.swift */,
				C4C1C70B2A720B92001C2667 /* ViewController.swift */,
				C4C1C70D2A720B92001C2667 /* Main.storyboard */,
				C4C1C7132A720B93001C2667 /* Assets.xcassets */,
				C4C1C7152A720B93001C2667 /* LaunchScreen.storyboard */,
				C4C1C72C2A7230CA001C2667 /* zmessaging.xcdatamodeld */,
				C4C1C7222A721221001C2667 /* MXCoreDataRoomSummaryStore.xcdatamodeld */,
				C4C1C7182A720B93001C2667 /* Info.plist */,
				C4C1C7102A720B92001C2667 /* CoredataDesign.xcdatamodeld */,
			);
			path = CoredataDesign;
			sourceTree = "<group>";
		};
/* End PBXGroup section */

/* Begin PBXNativeTarget section */
		C4C1C7032A720B92001C2667 /* CoredataDesign */ = {
			isa = PBXNativeTarget;
			buildConfigurationList = C4C1C71B2A720B93001C2667 /* Build configuration list for PBXNativeTarget "CoredataDesign" */;
			buildPhases = (
				C4C1C7002A720B92001C2667 /* Sources */,
				C4C1C7012A720B92001C2667 /* Frameworks */,
				C4C1C7022A720B92001C2667 /* Resources */,
			);
			buildRules = (
			);
			dependencies = (
			);
			name = CoredataDesign;
			productName = CoredataDesign;
			productReference = C4C1C7042A720B92001C2667 /* CoredataDesign.app */;
			productType = "com.apple.product-type.application";
		};
/* End PBXNativeTarget section */

/* Begin PBXProject section */
		C4C1C6FC2A720B92001C2667 /* Project object */ = {
			isa = PBXProject;
			attributes = {
				BuildIndependentTargetsInParallel = 1;
				LastSwiftUpdateCheck = 1430;
				LastUpgradeCheck = 1430;
				TargetAttributes = {
					C4C1C7032A720B92001C2667 = {
						CreatedOnToolsVersion = 14.3;
					};
				};
			};
			buildConfigurationList = C4C1C6FF2A720B92001C2667 /* Build configuration list for PBXProject "CoredataDesign" */;
			compatibilityVersion = "Xcode 14.0";
			developmentRegion = en;
			hasScannedForEncodings = 0;
			knownRegions = (
				en,
				Base,
			);
			mainGroup = C4C1C6FB2A720B92001C2667;
			productRefGroup = C4C1C7052A720B92001C2667 /* Products */;
			projectDirPath = "";
			projectRoot = "";
			targets = (
				C4C1C7032A720B92001C2667 /* CoredataDesign */,
			);
		};
/* End PBXProject section */

/* Begin PBXResourcesBuildPhase section */
		C4C1C7022A720B92001C2667 /* Resources */ = {
			isa = PBXResourcesBuildPhase;
			buildActionMask = 2147483647;
			files = (
				C4C1C7172A720B93001C2667 /* LaunchScreen.storyboard in Resources */,
				C4C1C7142A720B93001C2667 /* Assets.xcassets in Resources */,
				C4C1C70F2A720B92001C2667 /* Main.storyboard in Resources */,
			);
			runOnlyForDeploymentPostprocessing = 0;
		};
/* End PBXResourcesBuildPhase section */

/* Begin PBXSourcesBuildPhase section */
		C4C1C7002A720B92001C2667 /* Sources */ = {
			isa = PBXSourcesBuildPhase;
			buildActionMask = 2147483647;
			files = (
				C4C1C7282A721221001C2667 /* MXCoreDataRoomSummaryStore.xcdatamodeld in Sources */,
				C4C1C7122A720B92001C2667 /* CoredataDesign.xcdatamodeld in Sources */,
				C4C1C70C2A720B92001C2667 /* ViewController.swift in Sources */,
				C4C1C7082A720B92001C2667 /* AppDelegate.swift in Sources */,
				C4C1C70A2A720B92001C2667 /* SceneDelegate.swift in Sources */,
				C4C1C7442A7230CA001C2667 /* zmessaging.xcdatamodeld in Sources */,
			);
			runOnlyForDeploymentPostprocessing = 0;
		};
/* End PBXSourcesBuildPhase section */

/* Begin PBXVariantGroup section */
		C4C1C70D2A720B92001C2667 /* Main.storyboard */ = {
			isa = PBXVariantGroup;
			children = (
				C4C1C70E2A720B92001C2667 /* Base */,
			);
			name = Main.storyboard;
			sourceTree = "<group>";
		};
		C4C1C7152A720B93001C2667 /* LaunchScreen.storyboard */ = {
			isa = PBXVariantGroup;
			children = (
				C4C1C7162A720B93001C2667 /* Base */,
			);
			name = LaunchScreen.storyboard;
			sourceTree = "<group>";
		};
/* End PBXVariantGroup section */

/* Begin XCBuildConfiguration section */
		C4C1C7192A720B93001C2667 /* Debug */ = {
			isa = XCBuildConfiguration;
			buildSettings = {
				ALWAYS_SEARCH_USER_PATHS = NO;
				CLANG_ANALYZER_NONNULL = YES;
				CLANG_ANALYZER_NUMBER_OBJECT_CONVERSION = YES_AGGRESSIVE;
				CLANG_CXX_LANGUAGE_STANDARD = "gnu++20";
				CLANG_ENABLE_MODULES = YES;
				CLANG_ENABLE_OBJC_ARC = YES;
				CLANG_ENABLE_OBJC_WEAK = YES;
				CLANG_WARN_BLOCK_CAPTURE_AUTORELEASING = YES;
				CLANG_WARN_BOOL_CONVERSION = YES;
				CLANG_WARN_COMMA = YES;
				CLANG_WARN_CONSTANT_CONVERSION = YES;
				CLANG_WARN_DEPRECATED_OBJC_IMPLEMENTATIONS = YES;
				CLANG_WARN_DIRECT_OBJC_ISA_USAGE = YES_ERROR;
				CLANG_WARN_DOCUMENTATION_COMMENTS = YES;
				CLANG_WARN_EMPTY_BODY = YES;
				CLANG_WARN_ENUM_CONVERSION = YES;
				CLANG_WARN_INFINITE_RECURSION = YES;
				CLANG_WARN_INT_CONVERSION = YES;
				CLANG_WARN_NON_LITERAL_NULL_CONVERSION = YES;
				CLANG_WARN_OBJC_IMPLICIT_RETAIN_SELF = YES;
				CLANG_WARN_OBJC_LITERAL_CONVERSION = YES;
				CLANG_WARN_OBJC_ROOT_CLASS = YES_ERROR;
				CLANG_WARN_QUOTED_INCLUDE_IN_FRAMEWORK_HEADER = YES;
				CLANG_WARN_RANGE_LOOP_ANALYSIS = YES;
				CLANG_WARN_STRICT_PROTOTYPES = YES;
				CLANG_WARN_SUSPICIOUS_MOVE = YES;
				CLANG_WARN_UNGUARDED_AVAILABILITY = YES_AGGRESSIVE;
				CLANG_WARN_UNREACHABLE_CODE = YES;
				CLANG_WARN__DUPLICATE_METHOD_MATCH = YES;
				COPY_PHASE_STRIP = NO;
				DEBUG_INFORMATION_FORMAT = dwarf;
				ENABLE_STRICT_OBJC_MSGSEND = YES;
				ENABLE_TESTABILITY = YES;
				GCC_C_LANGUAGE_STANDARD = gnu11;
				GCC_DYNAMIC_NO_PIC = NO;
				GCC_NO_COMMON_BLOCKS = YES;
				GCC_OPTIMIZATION_LEVEL = 0;
				GCC_PREPROCESSOR_DEFINITIONS = (
					"DEBUG=1",
					"$(inherited)",
				);
				GCC_WARN_64_TO_32_BIT_CONVERSION = YES;
				GCC_WARN_ABOUT_RETURN_TYPE = YES_ERROR;
				GCC_WARN_UNDECLARED_SELECTOR = YES;
				GCC_WARN_UNINITIALIZED_AUTOS = YES_AGGRESSIVE;
				GCC_WARN_UNUSED_FUNCTION = YES;
				GCC_WARN_UNUSED_VARIABLE = YES;
				IPHONEOS_DEPLOYMENT_TARGET = 16.4;
				MTL_ENABLE_DEBUG_INFO = INCLUDE_SOURCE;
				MTL_FAST_MATH = YES;
				ONLY_ACTIVE_ARCH = YES;
				SDKROOT = iphoneos;
				SWIFT_ACTIVE_COMPILATION_CONDITIONS = DEBUG;
				SWIFT_OPTIMIZATION_LEVEL = "-Onone";
			};
			name = Debug;
		};
		C4C1C71A2A720B93001C2667 /* Release */ = {
			isa = XCBuildConfiguration;
			buildSettings = {
				ALWAYS_SEARCH_USER_PATHS = NO;
				CLANG_ANALYZER_NONNULL = YES;
				CLANG_ANALYZER_NUMBER_OBJECT_CONVERSION = YES_AGGRESSIVE;
				CLANG_CXX_LANGUAGE_STANDARD = "gnu++20";
				CLANG_ENABLE_MODULES = YES;
				CLANG_ENABLE_OBJC_ARC = YES;
				CLANG_ENABLE_OBJC_WEAK = YES;
				CLANG_WARN_BLOCK_CAPTURE_AUTORELEASING = YES;
				CLANG_WARN_BOOL_CONVERSION = YES;
				CLANG_WARN_COMMA = YES;
				CLANG_WARN_CONSTANT_CONVERSION = YES;
				CLANG_WARN_DEPRECATED_OBJC_IMPLEMENTATIONS = YES;
				CLANG_WARN_DIRECT_OBJC_ISA_USAGE = YES_ERROR;
				CLANG_WARN_DOCUMENTATION_COMMENTS = YES;
				CLANG_WARN_EMPTY_BODY = YES;
				CLANG_WARN_ENUM_CONVERSION = YES;
				CLANG_WARN_INFINITE_RECURSION = YES;
				CLANG_WARN_INT_CONVERSION = YES;
				CLANG_WARN_NON_LITERAL_NULL_CONVERSION = YES;
				CLANG_WARN_OBJC_IMPLICIT_RETAIN_SELF = YES;
				CLANG_WARN_OBJC_LITERAL_CONVERSION = YES;
				CLANG_WARN_OBJC_ROOT_CLASS = YES_ERROR;
				CLANG_WARN_QUOTED_INCLUDE_IN_FRAMEWORK_HEADER = YES;
				CLANG_WARN_RANGE_LOOP_ANALYSIS = YES;
				CLANG_WARN_STRICT_PROTOTYPES = YES;
				CLANG_WARN_SUSPICIOUS_MOVE = YES;
				CLANG_WARN_UNGUARDED_AVAILABILITY = YES_AGGRESSIVE;
				CLANG_WARN_UNREACHABLE_CODE = YES;
				CLANG_WARN__DUPLICATE_METHOD_MATCH = YES;
				COPY_PHASE_STRIP = NO;
				DEBUG_INFORMATION_FORMAT = "dwarf-with-dsym";
				ENABLE_NS_ASSERTIONS = NO;
				ENABLE_STRICT_OBJC_MSGSEND = YES;
				GCC_C_LANGUAGE_STANDARD = gnu11;
				GCC_NO_COMMON_BLOCKS = YES;
				GCC_WARN_64_TO_32_BIT_CONVERSION = YES;
				GCC_WARN_ABOUT_RETURN_TYPE = YES_ERROR;
				GCC_WARN_UNDECLARED_SELECTOR = YES;
				GCC_WARN_UNINITIALIZED_AUTOS = YES_AGGRESSIVE;
				GCC_WARN_UNUSED_FUNCTION = YES;
				GCC_WARN_UNUSED_VARIABLE = YES;
				IPHONEOS_DEPLOYMENT_TARGET = 16.4;
				MTL_ENABLE_DEBUG_INFO = NO;
				MTL_FAST_MATH = YES;
				SDKROOT = iphoneos;
				SWIFT_COMPILATION_MODE = wholemodule;
				SWIFT_OPTIMIZATION_LEVEL = "-O";
				VALIDATE_PRODUCT = YES;
			};
			name = Release;
		};
		C4C1C71C2A720B93001C2667 /* Debug */ = {
			isa = XCBuildConfiguration;
			buildSettings = {
				ASSETCATALOG_COMPILER_APPICON_NAME = AppIcon;
				ASSETCATALOG_COMPILER_GLOBAL_ACCENT_COLOR_NAME = AccentColor;
				CODE_SIGN_STYLE = Automatic;
				CURRENT_PROJECT_VERSION = 1;
				DEVELOPMENT_TEAM = U633M9A2Z3;
				GENERATE_INFOPLIST_FILE = YES;
				INFOPLIST_FILE = CoredataDesign/Info.plist;
				INFOPLIST_KEY_UIApplicationSupportsIndirectInputEvents = YES;
				INFOPLIST_KEY_UILaunchStoryboardName = LaunchScreen;
				INFOPLIST_KEY_UIMainStoryboardFile = Main;
				INFOPLIST_KEY_UISupportedInterfaceOrientations_iPad = "UIInterfaceOrientationPortrait UIInterfaceOrientationPortraitUpsideDown UIInterfaceOrientationLandscapeLeft UIInterfaceOrientationLandscapeRight";
				INFOPLIST_KEY_UISupportedInterfaceOrientations_iPhone = "UIInterfaceOrientationPortrait UIInterfaceOrientationLandscapeLeft UIInterfaceOrientationLandscapeRight";
				LD_RUNPATH_SEARCH_PATHS = (
					"$(inherited)",
					"@executable_path/Frameworks",
				);
				MARKETING_VERSION = 1.0;
				PRODUCT_BUNDLE_IDENTIFIER = network.topsecret.coredataModels.CoredataDesign;
				PRODUCT_NAME = "$(TARGET_NAME)";
				SWIFT_EMIT_LOC_STRINGS = YES;
				SWIFT_VERSION = 5.0;
				TARGETED_DEVICE_FAMILY = "1,2";
			};
			name = Debug;
		};
		C4C1C71D2A720B93001C2667 /* Release */ = {
			isa = XCBuildConfiguration;
			buildSettings = {
				ASSETCATALOG_COMPILER_APPICON_NAME = AppIcon;
				ASSETCATALOG_COMPILER_GLOBAL_ACCENT_COLOR_NAME = AccentColor;
				CODE_SIGN_STYLE = Automatic;
				CURRENT_PROJECT_VERSION = 1;
				DEVELOPMENT_TEAM = U633M9A2Z3;
				GENERATE_INFOPLIST_FILE = YES;
				INFOPLIST_FILE = CoredataDesign/Info.plist;
				INFOPLIST_KEY_UIApplicationSupportsIndirectInputEvents = YES;
				INFOPLIST_KEY_UILaunchStoryboardName = LaunchScreen;
				INFOPLIST_KEY_UIMainStoryboardFile = Main;
				INFOPLIST_KEY_UISupportedInterfaceOrientations_iPad = "UIInterfaceOrientationPortrait UIInterfaceOrientationPortraitUpsideDown UIInterfaceOrientationLandscapeLeft UIInterfaceOrientationLandscapeRight";
				INFOPLIST_KEY_UISupportedInterfaceOrientations_iPhone = "UIInterfaceOrientationPortrait UIInterfaceOrientationLandscapeLeft UIInterfaceOrientationLandscapeRight";
				LD_RUNPATH_SEARCH_PATHS = (
					"$(inherited)",
					"@executable_path/Frameworks",
				);
				MARKETING_VERSION = 1.0;
				PRODUCT_BUNDLE_IDENTIFIER = network.topsecret.coredataModels.CoredataDesign;
				PRODUCT_NAME = "$(TARGET_NAME)";
				SWIFT_EMIT_LOC_STRINGS = YES;
				SWIFT_VERSION = 5.0;
				TARGETED_DEVICE_FAMILY = "1,2";
			};
			name = Release;
		};
/* End XCBuildConfiguration section */

/* Begin XCConfigurationList section */
		C4C1C6FF2A720B92001C2667 /* Build configuration list for PBXProject "CoredataDesign" */ = {
			isa = XCConfigurationList;
			buildConfigurations = (
				C4C1C7192A720B93001C2667 /* Debug */,
				C4C1C71A2A720B93001C2667 /* Release */,
			);
			defaultConfigurationIsVisible = 0;
			defaultConfigurationName = Release;
		};
		C4C1C71B2A720B93001C2667 /* Build configuration list for PBXNativeTarget "CoredataDesign" */ = {
			isa = XCConfigurationList;
			buildConfigurations = (
				C4C1C71C2A720B93001C2667 /* Debug */,
				C4C1C71D2A720B93001C2667 /* Release */,
			);
			defaultConfigurationIsVisible = 0;
			defaultConfigurationName = Release;
		};
/* End XCConfigurationList section */

/* Begin XCVersionGroup section */
		C4C1C7102A720B92001C2667 /* CoredataDesign.xcdatamodeld */ = {
			isa = XCVersionGroup;
			children = (
				C4C1C7112A720B92001C2667 /* CoredataDesign.xcdatamodel */,
			);
			currentVersion = C4C1C7112A720B92001C2667 /* CoredataDesign.xcdatamodel */;
			path = CoredataDesign.xcdatamodeld;
			sourceTree = "<group>";
			versionGroupType = wrapper.xcdatamodel;
		};
		C4C1C7222A721221001C2667 /* MXCoreDataRoomSummaryStore.xcdatamodeld */ = {
			isa = XCVersionGroup;
			children = (
				C4C1C7232A721221001C2667 /* MXRoomSummaryCoreDataStore2.xcdatamodel */,
				C4C1C7242A721221001C2667 /* MXRoomSummaryCoreDataStore4.xcdatamodel */,
				C4C1C7252A721221001C2667 /* MXRoomSummaryCoreDataStore.xcdatamodel */,
				C4C1C7262A721221001C2667 /* MXRoomSummaryCoreDataStore3.xcdatamodel */,
				C4C1C7272A721221001C2667 /* MXRoomSummaryCoreDataStore5.xcdatamodel */,
			);
			currentVersion = C4C1C7272A721221001C2667 /* MXRoomSummaryCoreDataStore5.xcdatamodel */;
			path = MXCoreDataRoomSummaryStore.xcdatamodeld;
			sourceTree = "<group>";
			versionGroupType = wrapper.xcdatamodel;
		};
		C4C1C72C2A7230CA001C2667 /* zmessaging.xcdatamodeld */ = {
			isa = XCVersionGroup;
			children = (
				C4C1C72D2A7230CA001C2667 /* zmessaging2.40.18.xcdatamodel */,
				C4C1C72E2A7230CA001C2667 /* zmessaging2.40.2.xcdatamodel */,
				C4C1C72F2A7230CA001C2667 /* zmessaging2.40.11.xcdatamodel */,
				C4C1C7302A7230CA001C2667 /* zmessaging2.40.14.xcdatamodel */,
				C4C1C7312A7230CA001C2667 /* zmessaging2.40.7.xcdatamodel */,
				C4C1C7322A7230CA001C2667 /* zmessaging2.40.4.xcdatamodel */,
				C4C1C7332A7230CA001C2667 /* zmessaging2.40.17.xcdatamodel */,
				C4C1C7342A7230CA001C2667 /* zmessaging2.40.8.xcdatamodel */,
				C4C1C7352A7230CA001C2667 /* zmessaging2.40.12.xcdatamodel */,
				C4C1C7362A7230CA001C2667 /* zmessaging2.40.20.xcdatamodel */,
				C4C1C7372A7230CA001C2667 /* zmessaging2.40.1.xcdatamodel */,
				C4C1C7382A7230CA001C2667 /* zmessaging2.40.6.xcdatamodel */,
				C4C1C7392A7230CA001C2667 /* zmessaging2.40.15.xcdatamodel */,
				C4C1C73A2A7230CA001C2667 /* zmessaging2.40.10.xcdatamodel */,
				C4C1C73B2A7230CA001C2667 /* zmessaging2.40.19.xcdatamodel */,
				C4C1C73C2A7230CA001C2667 /* zmessaging2.40.3.xcdatamodel */,
				C4C1C73D2A7230CA001C2667 /* zmessaging2.40.0.xcdatamodel */,
				C4C1C73E2A7230CA001C2667 /* zmessaging2.40.21.xcdatamodel */,
				C4C1C73F2A7230CA001C2667 /* zmessaging.xcdatamodel */,
				C4C1C7402A7230CA001C2667 /* zmessaging2.40.9.xcdatamodel */,
				C4C1C7412A7230CA001C2667 /* zmessaging2.40.13.xcdatamodel */,
				C4C1C7422A7230CA001C2667 /* zmessaging2.40.16.xcdatamodel */,
				C4C1C7432A7230CA001C2667 /* zmessaging2.40.5.xcdatamodel */,
			);
			currentVersion = C4C1C73E2A7230CA001C2667 /* zmessaging2.40.21.xcdatamodel */;
			path = zmessaging.xcdatamodeld;
			sourceTree = "<group>";
			versionGroupType = wrapper.xcdatamodel;
		};
/* End XCVersionGroup section */
	};
	rootObject = C4C1C6FC2A720B92001C2667 /* Project object */;
}
